<?xml version="1.0" encoding="utf-8"?>
<Project ToolsVersion="4.0" xmlns="http://schemas.microsoft.com/developer/msbuild/2003">
  <ItemGroup>
    <Filter Include="Source Files">
      <UniqueIdentifier>{4FC737F1-C7A5-4376-A066-2A32D752A2FF}</UniqueIdentifier>
      <Extensions>cpp;cxx;c;def</Extensions>
    </Filter>
    <Filter Include="Header Files">
      <UniqueIdentifier>{93995380-89BD-4b04-88EB-625FBE52EBFB}</UniqueIdentifier>
      <Extensions>h</Extensions>
    </Filter>
    <Filter Include="Form Files">
      <UniqueIdentifier>{99349809-55BA-4b9d-BF79-8FDBB0286EB3}</UniqueIdentifier>
      <Extensions>ui</Extensions>
    </Filter>
    <Filter Include="Resource Files">
      <UniqueIdentifier>{D9D6E242-F8AF-46E4-B9FD-80ECBC20BA3E}</UniqueIdentifier>
      <Extensions>qrc;*</Extensions>
      <ParseFiles>false</ParseFiles>
    </Filter>
    <Filter Include="Generated Files">
      <UniqueIdentifier>{71ED8ED8-ACB9-4CE9-BBE1-E00B30144E11}</UniqueIdentifier>
      <Extensions>moc;h;cpp</Extensions>
      <SourceControlFiles>False</SourceControlFiles>
    </Filter>
    <Filter Include="Generated Files\Debug">
      <UniqueIdentifier>{c16ace0c-9be3-4fff-8c13-1e82bb65ddaf}</UniqueIdentifier>
      <Extensions>cpp;moc</Extensions>
      <SourceControlFiles>False</SourceControlFiles>
    </Filter>
    <Filter Include="Generated Files\Release">
      <UniqueIdentifier>{c2c2d1dc-8156-415e-b961-7b56e2b61e31}</UniqueIdentifier>
      <Extensions>cpp;moc</Extensions>
      <SourceControlFiles>False</SourceControlFiles>
    </Filter>
    <Filter Include="FigureMode">
      <UniqueIdentifier>{02b1f912-0f22-4fdb-86ca-d11aaa34012c}</UniqueIdentifier>
    </Filter>
  </ItemGroup>
  <ItemGroup>
    <ClCompile Include="main.cpp">
      <Filter>Source Files</Filter>
    </ClCompile>
    <ClCompile Include="doodle.cpp">
      <Filter>Source Files</Filter>
    </ClCompile>
    <ClCompile Include="GeneratedFiles\Debug\moc_doodle.cpp">
      <Filter>Generated Files\Debug</Filter>
    </ClCompile>
    <ClCompile Include="GeneratedFiles\Release\moc_doodle.cpp">
      <Filter>Generated Files\Release</Filter>
    </ClCompile>
    <ClCompile Include="GeneratedFiles\qrc_doodle.cpp">
      <Filter>Generated Files</Filter>
    </ClCompile>
    <ClCompile Include="Circle.cpp">
      <Filter>Source Files</Filter>
    </ClCompile>
    <ClCompile Include="Line.cpp">
      <Filter>Source Files</Filter>
    </ClCompile>
    <ClCompile Include="Figure.cpp">
      <Filter>Source Files</Filter>
    </ClCompile>
    <ClCompile Include="Polygon.cpp">
      <Filter>Source Files</Filter>
    </ClCompile>
    <ClCompile Include="Rectangle.cpp">
      <Filter>Source Files</Filter>
    </ClCompile>
    <ClCompile Include="Command\AddFigureCommand.cpp">
      <Filter>Source Files</Filter>
    </ClCompile>
    <ClCompile Include="Command\Command.cpp">
      <Filter>Source Files</Filter>
    </ClCompile>
    <ClCompile Include="FigureMode\CircleMode.cpp">
      <Filter>Source Files</Filter>
    </ClCompile>
    <ClCompile Include="FigureMode\FigureMode.cpp">
      <Filter>Source Files</Filter>
    </ClCompile>
    <ClCompile Include="FigureMode\LineMode.cpp">
      <Filter>Source Files</Filter>
    </ClCompile>
    <ClCompile Include="FigureMode\PolygonMode.cpp">
      <Filter>Source Files</Filter>
    </ClCompile>
    <ClCompile Include="FigureMode\RectangleMode.cpp">
      <Filter>Source Files</Filter>
    </ClCompile>
    <ClCompile Include="Command\RemoveAllFigureCommand.cpp">
      <Filter>Source Files</Filter>
    </ClCompile>
    <ClCompile Include="ToolBarFigureWidget.cpp">
      <Filter>Source Files</Filter>
    </ClCompile>
    <ClCompile Include="ToolBarColorWidget.cpp">
      <Filter>Source Files</Filter>
    </ClCompile>
    <ClCompile Include="GeneratedFiles\Debug\moc_ToolBarFigureWidget.cpp">
      <Filter>Generated Files\Debug</Filter>
    </ClCompile>
    <ClCompile Include="GeneratedFiles\Release\moc_ToolBarFigureWidget.cpp">
      <Filter>Generated Files\Release</Filter>
    </ClCompile>
    <ClCompile Include="GeneratedFiles\Debug\moc_ToolBarColorWidget.cpp">
      <Filter>Generated Files\Debug</Filter>
    </ClCompile>
    <ClCompile Include="GeneratedFiles\Release\moc_ToolBarColorWidget.cpp">
      <Filter>Generated Files\Release</Filter>
    </ClCompile>
    <ClCompile Include="Triangle.cpp">
      <Filter>Source Files</Filter>
    </ClCompile>
    <ClCompile Include="FigureMode\TriangleMode.cpp">
      <Filter>Source Files</Filter>
    </ClCompile>
    <ClCompile Include="Rhombus.cpp">
      <Filter>Source Files</Filter>
    </ClCompile>
    <ClCompile Include="FigureMode\RhombusMode.cpp">
      <Filter>Source Files</Filter>
    </ClCompile>
    <ClCompile Include="FigureMode\parallelogramMode.cpp">
      <Filter>Source Files</Filter>
    </ClCompile>
    <ClCompile Include="Parallelogram.cpp">
      <Filter>Source Files</Filter>
    </ClCompile>
    <ClCompile Include="Visitor\Visitor.cpp">
      <Filter>Source Files</Filter>
    </ClCompile>
    <ClCompile Include="Visitor\Drawer.cpp">
      <Filter>Source Files</Filter>
    </ClCompile>
    <ClCompile Include="Visitor\Finder.cpp">
      <Filter>Source Files</Filter>
    </ClCompile>
    <ClCompile Include="FigureMode\CursorMode.cpp">
      <Filter>Source Files</Filter>
    </ClCompile>
    <ClCompile Include="TestMath.cpp">
      <Filter>Source Files</Filter>
    </ClCompile>
    <ClCompile Include="Ui\DrawingWidget.cpp">
      <Filter>Source Files</Filter>
    </ClCompile>
    <ClCompile Include="GeneratedFiles\Debug\moc_ToolBarCommandWidget.cpp">
      <Filter>Generated Files\Debug</Filter>
    </ClCompile>
    <ClCompile Include="ToolBarCommandWidget.cpp">
      <Filter>Source Files</Filter>
    </ClCompile>
    <ClCompile Include="GeneratedFiles\Release\moc_ToolBarCommandWidget.cpp">
      <Filter>Generated Files\Release</Filter>
    </ClCompile>
    <ClCompile Include="Chain_Of_Responsibility\Chain.cpp">
      <Filter>Source Files</Filter>
    </ClCompile>
    <ClCompile Include="Chain_Of_Responsibility\Request.cpp">
      <Filter>Source Files</Filter>
    </ClCompile>
    <ClCompile Include="Chain_Of_Responsibility\ChangeFigureModeRequest.cpp">
      <Filter>Source Files</Filter>
    </ClCompile>
    <ClCompile Include="Chain_Of_Responsibility\ChangeFigureColorRequest.cpp">
      <Filter>Source Files</Filter>
    </ClCompile>
    <ClCompile Include="Chain_Of_Responsibility\ChangeFigureCommandRequest.cpp">
      <Filter>Source Files</Filter>
    </ClCompile>
    <ClCompile Include="Observer\ChangeManager.cpp">
      <Filter>Source Files</Filter>
    </ClCompile>
    <ClCompile Include="Observer\Observer.cpp">
      <Filter>Source Files</Filter>
    </ClCompile>
    <ClCompile Include="Observer\NotifyEvent.cpp">
      <Filter>Source Files</Filter>
    </ClCompile>
    <ClCompile Include="Observer\FigureModeChangedEvent.cpp">
      <Filter>Source Files</Filter>
    </ClCompile>
    <ClCompile Include="Observer\CurrentColorChangedEvent.cpp">
      <Filter>Source Files</Filter>
    </ClCompile>
    <ClCompile Include="Observer\UndoRedoStackCountChangedEvent.cpp">
      <Filter>Source Files</Filter>
    </ClCompile>
    <ClCompile Include="Visitor\selectedDrawer.cpp">
      <Filter>Source Files</Filter>
    </ClCompile>
    <ClCompile Include="Visitor\Mover.cpp">
      <Filter>Source Files</Filter>
    </ClCompile>
    <ClCompile Include="Command\MoveFigureCommand.cpp">
      <Filter>Source Files</Filter>
    </ClCompile>
    <ClCompile Include="GeneratedFiles\Debug\moc_DrawingWidget.cpp">
      <Filter>Source Files</Filter>
    </ClCompile>
    <ClCompile Include="Command\CopyFigureCommand.cpp">
      <Filter>Source Files</Filter>
    </ClCompile>
    <ClCompile Include="Command\DeleteSelectedFigureCommand.cpp">
      <Filter>Source Files</Filter>
    </ClCompile>
    <ClCompile Include="GeneratedFiles\Debug\moc_ToolBarClipWidget.cpp">
      <Filter>Generated Files\Debug</Filter>
    </ClCompile>
    <ClCompile Include="ToolBarClipWidget.cpp">
      <Filter>Source Files</Filter>
    </ClCompile>
    <ClCompile Include="GeneratedFiles\Release\moc_ToolBarClipWidget.cpp">
      <Filter>Generated Files\Release</Filter>
    </ClCompile>
    <ClCompile Include="Chain_Of_Responsibility\ChangeFigureClipRequest.cpp">
      <Filter>Source Files</Filter>
    </ClCompile>
    <ClCompile Include="Observer\CopiedFigureCountChangeEvent.cpp">
      <Filter>Source Files</Filter>
    </ClCompile>
  </ItemGroup>
  <ItemGroup>
    <CustomBuild Include="doodle.h">
      <Filter>Header Files</Filter>
    </CustomBuild>
    <CustomBuild Include="doodle.ui">
      <Filter>Form Files</Filter>
    </CustomBuild>
    <CustomBuild Include="doodle.qrc">
      <Filter>Resource Files</Filter>
    </CustomBuild>
    <CustomBuild Include="Line.h">
      <Filter>Header Files</Filter>
    </CustomBuild>
    <CustomBuild Include="Circle.h">
      <Filter>Header Files</Filter>
    </CustomBuild>
    <CustomBuild Include="ToolBarFigureWidget.ui">
      <Filter>Form Files</Filter>
    </CustomBuild>
    <CustomBuild Include="ToolBarColorWidget.ui">
      <Filter>Form Files</Filter>
    </CustomBuild>
    <CustomBuild Include="ToolBarFigureWidget.h">
      <Filter>Header Files</Filter>
    </CustomBuild>
    <CustomBuild Include="ToolBarColorWidget.h">
      <Filter>Header Files</Filter>
    </CustomBuild>
    <CustomBuild Include="ToolBarCommandWidget.h">
      <Filter>Header Files</Filter>
    </CustomBuild>
    <CustomBuild Include="ToolBarCommandWidget.ui">
      <Filter>Form Files</Filter>
    </CustomBuild>
    <CustomBuild Include="Ui\DrawingWidget.h">
      <Filter>Header Files</Filter>
    </CustomBuild>
    <CustomBuild Include="ToolBarClipWidget.ui">
      <Filter>Form Files</Filter>
    </CustomBuild>
    <CustomBuild Include="ToolBarClipWidget.h">
      <Filter>Header Files</Filter>
    </CustomBuild>
  </ItemGroup>
  <ItemGroup>
    <ClInclude Include="GeneratedFiles\ui_doodle.h">
      <Filter>Generated Files</Filter>
    </ClInclude>
    <ClInclude Include="Figure.h">
      <Filter>Header Files</Filter>
    </ClInclude>
    <ClInclude Include="Polygon.h">
      <Filter>Header Files</Filter>
    </ClInclude>
    <ClInclude Include="Rectangle.h">
      <Filter>Header Files</Filter>
    </ClInclude>
    <ClInclude Include="FigureMode\Command.h">
      <Filter>Header Files</Filter>
    </ClInclude>
    <ClInclude Include="FigureMode\AddFigureCommand.h">
      <Filter>Header Files</Filter>
    </ClInclude>
    <ClInclude Include="Command\AddFigureCommand.h">
      <Filter>Header Files</Filter>
    </ClInclude>
    <ClInclude Include="Command\Command.h">
      <Filter>Header Files</Filter>
    </ClInclude>
    <ClInclude Include="FigureMode\CircleMode.h">
      <Filter>Header Files</Filter>
    </ClInclude>
    <ClInclude Include="FigureMode\FigureMode.h">
      <Filter>Header Files</Filter>
    </ClInclude>
    <ClInclude Include="FigureMode\LineMode.h">
      <Filter>Header Files</Filter>
    </ClInclude>
    <ClInclude Include="FigureMode\PolygonMode.h">
      <Filter>Header Files</Filter>
    </ClInclude>
    <ClInclude Include="FigureMode\RectangleMode.h">
      <Filter>Header Files</Filter>
    </ClInclude>
    <ClInclude Include="Command\RemoveAllFigureCommand.h">
      <Filter>Header Files</Filter>
    </ClInclude>
    <ClInclude Include="GeneratedFiles\ui_ToolBarFigureWidget.h">
      <Filter>Generated Files</Filter>
    </ClInclude>
    <ClInclude Include="GeneratedFiles\ui_ToolBarColorWidget.h">
      <Filter>Generated Files</Filter>
    </ClInclude>
    <ClInclude Include="Triangle.h">
      <Filter>Header Files</Filter>
    </ClInclude>
    <ClInclude Include="FigureMode\TriangleMode.h">
      <Filter>Header Files</Filter>
    </ClInclude>
    <ClInclude Include="Rhombus.h">
      <Filter>Header Files</Filter>
    </ClInclude>
    <ClInclude Include="FigureMode\RhombusMode.h">
      <Filter>Header Files</Filter>
    </ClInclude>
    <ClInclude Include="FigureMode\parallelogramMode.h">
      <Filter>Header Files</Filter>
    </ClInclude>
    <ClInclude Include="Parallelogram.h">
      <Filter>Header Files</Filter>
    </ClInclude>
    <ClInclude Include="Visitor\Visitor.h">
      <Filter>Header Files</Filter>
    </ClInclude>
    <ClInclude Include="Visitor\Drawer.h">
      <Filter>Header Files</Filter>
    </ClInclude>
    <ClInclude Include="FigureMode\CursorMode.h">
      <Filter>Header Files</Filter>
    </ClInclude>
    <ClInclude Include="Visitor\Finder.h">
      <Filter>Header Files</Filter>
    </ClInclude>
    <ClInclude Include="TestMath.h">
      <Filter>Header Files</Filter>
    </ClInclude>
    <ClInclude Include="FigureMode\FigureModeType.h">
      <Filter>Header Files</Filter>
    </ClInclude>
    <ClInclude Include="GeneratedFiles\ui_ToolBarCommandWidget.h">
      <Filter>Generated Files</Filter>
    </ClInclude>
    <ClInclude Include="Chain_Of_Responsibility\Chain.h">
      <Filter>Header Files</Filter>
    </ClInclude>
    <ClInclude Include="Chain_Of_Responsibility\Request.h">
      <Filter>Header Files</Filter>
    </ClInclude>
    <ClInclude Include="Chain_Of_Responsibility\ChangeFigureModeRequest.h">
      <Filter>Header Files</Filter>
    </ClInclude>
    <ClInclude Include="Chain_Of_Responsibility\ChangeFigureColorRequest.h">
      <Filter>Header Files</Filter>
    </ClInclude>
    <ClInclude Include="Chain_Of_Responsibility\ChangeFigureCommandRequest.h">
      <Filter>Header Files</Filter>
    </ClInclude>
    <ClInclude Include="Observer\ChangeManager.h">
      <Filter>Header Files</Filter>
    </ClInclude>
    <ClInclude Include="Observer\Observer.h">
      <Filter>Header Files</Filter>
    </ClInclude>
    <ClInclude Include="Observer\NotifyEvent.h">
      <Filter>Header Files</Filter>
    </ClInclude>
    <ClInclude Include="Observer\FigureModeChangedEvent.h">
      <Filter>Header Files</Filter>
    </ClInclude>
    <ClInclude Include="Observer\CurrentColorChangedEvent.h">
      <Filter>Header Files</Filter>
    </ClInclude>
    <ClInclude Include="Observer\UndoRedoStackCountChangedEvent.h">
      <Filter>Header Files</Filter>
    </ClInclude>
    <ClInclude Include="Visitor\selectedDrawer.h">
      <Filter>Header Files</Filter>
    </ClInclude>
    <ClInclude Include="Visitor\Mover.h">
      <Filter>Header Files</Filter>
    </ClInclude>
    <ClInclude Include="Command\MoveFigureCommand.h">
      <Filter>Header Files</Filter>
    </ClInclude>
    <ClInclude Include="Command\CopyFigureCommand.h">
      <Filter>Header Files</Filter>
    </ClInclude>
    <ClInclude Include="Command\DeleteSelectedFigureCommand.h">
      <Filter>Header Files</Filter>
    </ClInclude>
    <ClInclude Include="GeneratedFiles\ui_ToolBarClipWidget.h">
      <Filter>Generated Files</Filter>
    </ClInclude>
    <ClInclude Include="Chain_Of_Responsibility\ChangeFigureClipRequest.h">
      <Filter>Header Files</Filter>
    </ClInclude>
    <ClInclude Include="Observer\CopiedFigureCountChangedEvent.h">
      <Filter>Header Files</Filter>
    </ClInclude>
  </ItemGroup>
</Project>